<?xml version="1.0" encoding="utf-8"?>
<Project ToolsVersion="4.0" xmlns="http://schemas.microsoft.com/developer/msbuild/2003">
  <ItemGroup>
    <Filter Include="src">
      <UniqueIdentifier>{ea8e144d-7cd7-4156-b687-2d8bddf617c0}</UniqueIdentifier>
    </Filter>
  </ItemGroup>
  <ItemGroup>
    <ClCompile Include="src\mongoose.c">
      <Filter>src</Filter>
    </ClCompile>
    <ClCompile Include="src\http-server.c">
      <Filter>src</Filter>
    </ClCompile>
  </ItemGroup>
  <ItemGroup>
    <ClInclude Include="src\mongoose.h">
      <Filter>src</Filter>
    </ClInclude>
  </ItemGroup>
</Project>